
Microsoft Visual Studio Solution File, Format Version 12.00
# Visual Studio Version 17
VisualStudioVersion = 17.2.32630.192
MinimumVisualStudioVersion = 10.0.40219.1
Project("{FAE04EC0-301F-11D3-BF4B-00C04F79EFBC}") = "B_IgnitedPostalCodeKata", "B_IgnitedPostalCodeKata\B_IgnitedPostalCodeKata.csproj", "{26D30619-FB7D-4EC3-BA97-570DB8B95B85}"
EndProject
Global
	GlobalSection(SolutionConfigurationPlatforms) = preSolution
		Debug|Any CPU = Debug|Any CPU
		Release|Any CPU = Release|Any CPU
	EndGlobalSection
	GlobalSection(ProjectConfigurationPlatforms) = postSolution
		{26D30619-FB7D-4EC3-BA97-570DB8B95B85}.Debug|Any CPU.ActiveCfg = Debug|Any CPU
		{26D30619-FB7D-4EC3-BA97-570DB8B95B85}.Debug|Any CPU.Build.0 = Debug|Any CPU
		{26D30619-FB7D-4EC3-BA97-570DB8B95B85}.Release|Any CPU.ActiveCfg = Release|Any CPU
		{26D30619-FB7D-4EC3-BA97-570DB8B95B85}.Release|Any CPU.Build.0 = Release|Any CPU
	EndGlobalSection
	GlobalSection(SolutionProperties) = preSolution
		HideSolutionNode = FALSE
	EndGlobalSection
	GlobalSection(ExtensibilityGlobals) = postSolution
		SolutionGuid = {4E398917-28B1-4054-B914-3EE3BD10A42C}
	EndGlobalSection
EndGlobal
